
Microsoft Visual Studio Solution File, Format Version 12.00
# Visual Studio Version 17
VisualStudioVersion = 17.5.002.0
MinimumVisualStudioVersion = 10.0.40219.1
Project("{9A19103F-16F7-4668-BE54-9A1E7A4F7556}") = "AirplaneNewsScraper", "AirplaneNewsScraper.csproj", "{2A3F6C09-5D7E-4108-AF6A-F8C9AFFC3A53}"
EndProject
Global
	GlobalSection(SolutionConfigurationPlatforms) = preSolution
		Debug|Any CPU = Debug|Any CPU
		Release|Any CPU = Release|Any CPU
	EndGlobalSection
	GlobalSection(ProjectConfigurationPlatforms) = postSolution
		{2A3F6C09-5D7E-4108-AF6A-F8C9AFFC3A53}.Debug|Any CPU.ActiveCfg = Debug|Any CPU
		{2A3F6C09-5D7E-4108-AF6A-F8C9AFFC3A53}.Debug|Any CPU.Build.0 = Debug|Any CPU
		{2A3F6C09-5D7E-4108-AF6A-F8C9AFFC3A53}.Release|Any CPU.ActiveCfg = Release|Any CPU
		{2A3F6C09-5D7E-4108-AF6A-F8C9AFFC3A53}.Release|Any CPU.Build.0 = Release|Any CPU
	EndGlobalSection
	GlobalSection(SolutionProperties) = preSolution
		HideSolutionNode = FALSE
	EndGlobalSection
	GlobalSection(ExtensibilityGlobals) = postSolution
		SolutionGuid = {27671572-581E-4544-B602-4196B9B9A938}
	EndGlobalSection
EndGlobal
